// !$*UTF8*$!
{
	archiveVersion = 1;
	classes = {
	};
	objectVersion = 46;
	objects = {

/* Begin PBXBuildFile section */
		2C016CD51AF0003C00EC7275 /* LoginViewController.m in Sources */ = {isa = PBXBuildFile; fileRef = 2C016CD41AF0003C00EC7275 /* LoginViewController.m */; };
		2C016CDD1AF0016800EC7275 /* AudioToolbox.framework in Frameworks */ = {isa = PBXBuildFile; fileRef = 2C016CDC1AF0016800EC7275 /* AudioToolbox.framework */; };
		2C016CDF1AF0016E00EC7275 /* CFNetwork.framework in Frameworks */ = {isa = PBXBuildFile; fileRef = 2C016CDE1AF0016E00EC7275 /* CFNetwork.framework */; };
		2C016CE11AF0017A00EC7275 /* CoreLocation.framework in Frameworks */ = {isa = PBXBuildFile; fileRef = 2C016CE01AF0017A00EC7275 /* CoreLocation.framework */; };
		2C016CE31AF0018200EC7275 /* MobileCoreServices.framework in Frameworks */ = {isa = PBXBuildFile; fileRef = 2C016CE21AF0018200EC7275 /* MobileCoreServices.framework */; };
		2C016CE51AF0018B00EC7275 /* QuartzCore.framework in Frameworks */ = {isa = PBXBuildFile; fileRef = 2C016CE41AF0018B00EC7275 /* QuartzCore.framework */; };
		2C016CE71AF0019400EC7275 /* Security.framework in Frameworks */ = {isa = PBXBuildFile; fileRef = 2C016CE61AF0019400EC7275 /* Security.framework */; };
		2C016CEB1AF001AA00EC7275 /* SystemConfiguration.framework in Frameworks */ = {isa = PBXBuildFile; fileRef = 2C016CEA1AF001AA00EC7275 /* SystemConfiguration.framework */; };
		2C1EC4841BA2891F000EEC99 /* Images.xcassets in Resources */ = {isa = PBXBuildFile; fileRef = 2C1EC4831BA2891F000EEC99 /* Images.xcassets */; };
		2C2D9CDC1B92BA7C000F65D7 /* CoreTelephony.framework in Frameworks */ = {isa = PBXBuildFile; fileRef = 2C2D9CDB1B92BA7C000F65D7 /* CoreTelephony.framework */; };
		2C52E1DB1B96BEE000EA6BF9 /* Localizable.strings in Resources */ = {isa = PBXBuildFile; fileRef = 2C52E1DD1B96BEE000EA6BF9 /* Localizable.strings */; };
		2C5B9A3A1AC4C49D00B78716 /* AddEventsViewController.m in Sources */ = {isa = PBXBuildFile; fileRef = 2C5B9A371AC4C49D00B78716 /* AddEventsViewController.m */; };
		2C64EDA41C7DCFB900CE42E1 /* ButtonTableViewCell.m in Sources */ = {isa = PBXBuildFile; fileRef = 2C64ED9D1C7DCFB900CE42E1 /* ButtonTableViewCell.m */; };
		2C64EDA51C7DCFB900CE42E1 /* SwitchTableViewCell.m in Sources */ = {isa = PBXBuildFile; fileRef = 2C64ED9F1C7DCFB900CE42E1 /* SwitchTableViewCell.m */; };
		2C64EDA61C7DCFB900CE42E1 /* LabelButtonTableViewCell.m in Sources */ = {isa = PBXBuildFile; fileRef = 2C64EDA11C7DCFB900CE42E1 /* LabelButtonTableViewCell.m */; };
		2C64EDB31C7DD05C00CE42E1 /* Constants.m in Sources */ = {isa = PBXBuildFile; fileRef = 2C64EDAA1C7DD05C00CE42E1 /* Constants.m */; };
		2C64EDB41C7DD05C00CE42E1 /* Screen.m in Sources */ = {isa = PBXBuildFile; fileRef = 2C64EDAC1C7DD05C00CE42E1 /* Screen.m */; };
		2C64EDB51C7DD05C00CE42E1 /* UIColor+CustomColors.m in Sources */ = {isa = PBXBuildFile; fileRef = 2C64EDAE1C7DD05C00CE42E1 /* UIColor+CustomColors.m */; };
		2C64EDB71C7DD05C00CE42E1 /* StringFromDateTranslate.m in Sources */ = {isa = PBXBuildFile; fileRef = 2C64EDB21C7DD05C00CE42E1 /* StringFromDateTranslate.m */; };
		2C64EDB81C7DD42800CE42E1 /* Main.storyboard in Resources */ = {isa = PBXBuildFile; fileRef = 2C64EDBA1C7DD42800CE42E1 /* Main.storyboard */; };
		2C71B7B51B9A4D200005D8B9 /* EditFriendsViewController.m in Sources */ = {isa = PBXBuildFile; fileRef = 2C71B7B41B9A4D200005D8B9 /* EditFriendsViewController.m */; };
		2C735C931C78B4BA002E617D /* SettingsCell.m in Sources */ = {isa = PBXBuildFile; fileRef = 2C735C921C78B4BA002E617D /* SettingsCell.m */; };
		2C829F201B22ECA8004FC147 /* EventDetailViewController.m in Sources */ = {isa = PBXBuildFile; fileRef = 2C829F1F1B22ECA8004FC147 /* EventDetailViewController.m */; };
		2C829F261B22EF23004FC147 /* EventDetailCell.m in Sources */ = {isa = PBXBuildFile; fileRef = 2C829F251B22EF23004FC147 /* EventDetailCell.m */; };
		2CA207F81AF015B60054D97A /* SignupViewController.m in Sources */ = {isa = PBXBuildFile; fileRef = 2CA207F71AF015B60054D97A /* SignupViewController.m */; };
		2CA207FB1AF01B520054D97A /* SettingsViewController.m in Sources */ = {isa = PBXBuildFile; fileRef = 2CA207FA1AF01B520054D97A /* SettingsViewController.m */; };
		2CA740BA1AC4B79B00392C7C /* main.m in Sources */ = {isa = PBXBuildFile; fileRef = 2CA740B91AC4B79B00392C7C /* main.m */; };
		2CA740BD1AC4B79B00392C7C /* AppDelegate.m in Sources */ = {isa = PBXBuildFile; fileRef = 2CA740BC1AC4B79B00392C7C /* AppDelegate.m */; };
		2CA740C01AC4B79B00392C7C /* HomeViewController.m in Sources */ = {isa = PBXBuildFile; fileRef = 2CA740BF1AC4B79B00392C7C /* HomeViewController.m */; };
		2CA740C81AC4B79B00392C7C /* LaunchScreen.xib in Resources */ = {isa = PBXBuildFile; fileRef = 2CA740C61AC4B79B00392C7C /* LaunchScreen.xib */; };
		2CA740D41AC4B79C00392C7C /* ChillNTests.m in Sources */ = {isa = PBXBuildFile; fileRef = 2CA740D31AC4B79C00392C7C /* ChillNTests.m */; };
		2CA740E41AC4B81E00392C7C /* Foundation.framework in Frameworks */ = {isa = PBXBuildFile; fileRef = 2CA740E11AC4B80300392C7C /* Foundation.framework */; };
		2CA740E51AC4B82300392C7C /* UIKit.framework in Frameworks */ = {isa = PBXBuildFile; fileRef = 2CA740DF1AC4B7FA00392C7C /* UIKit.framework */; };
		2CA740E61AC4B82800392C7C /* CoreGraphics.framework in Frameworks */ = {isa = PBXBuildFile; fileRef = 2CA740DD1AC4B7F000392C7C /* CoreGraphics.framework */; };
		2CA740E91AC4B85900392C7C /* HomeCell.m in Sources */ = {isa = PBXBuildFile; fileRef = 2CA740E81AC4B85900392C7C /* HomeCell.m */; };
		2CC8CD451C7FEAFC004EE169 /* SevenSwitch.swift in Sources */ = {isa = PBXBuildFile; fileRef = 2CC8CD441C7FEAFC004EE169 /* SevenSwitch.swift */; };
		2CDC78D81B6A86BE00C69A12 /* Person.m in Sources */ = {isa = PBXBuildFile; fileRef = 2CDC78D71B6A86BE00C69A12 /* Person.m */; };
		33EA8CDB7B6045A39DD77FD7 /* Pods_ChillN.framework in Frameworks */ = {isa = PBXBuildFile; fileRef = 98461C4CF5BD456DFC9C7CEC /* Pods_ChillN.framework */; };
/* End PBXBuildFile section */

/* Begin PBXContainerItemProxy section */
		2CA740CE1AC4B79B00392C7C /* PBXContainerItemProxy */ = {
			isa = PBXContainerItemProxy;
			containerPortal = 2CA740AC1AC4B79B00392C7C /* Project object */;
			proxyType = 1;
			remoteGlobalIDString = 2CA740B31AC4B79B00392C7C;
			remoteInfo = ChillN;
		};
/* End PBXContainerItemProxy section */

/* Begin PBXFileReference section */
		2C016CD31AF0003C00EC7275 /* LoginViewController.h */ = {isa = PBXFileReference; fileEncoding = 4; lastKnownFileType = sourcecode.c.h; path = LoginViewController.h; sourceTree = "<group>"; };
		2C016CD41AF0003C00EC7275 /* LoginViewController.m */ = {isa = PBXFileReference; fileEncoding = 4; lastKnownFileType = sourcecode.c.objc; path = LoginViewController.m; sourceTree = "<group>"; };
		2C016CDC1AF0016800EC7275 /* AudioToolbox.framework */ = {isa = PBXFileReference; lastKnownFileType = wrapper.framework; name = AudioToolbox.framework; path = System/Library/Frameworks/AudioToolbox.framework; sourceTree = SDKROOT; };
		2C016CDE1AF0016E00EC7275 /* CFNetwork.framework */ = {isa = PBXFileReference; lastKnownFileType = wrapper.framework; name = CFNetwork.framework; path = System/Library/Frameworks/CFNetwork.framework; sourceTree = SDKROOT; };
		2C016CE01AF0017A00EC7275 /* CoreLocation.framework */ = {isa = PBXFileReference; lastKnownFileType = wrapper.framework; name = CoreLocation.framework; path = System/Library/Frameworks/CoreLocation.framework; sourceTree = SDKROOT; };
		2C016CE21AF0018200EC7275 /* MobileCoreServices.framework */ = {isa = PBXFileReference; lastKnownFileType = wrapper.framework; name = MobileCoreServices.framework; path = System/Library/Frameworks/MobileCoreServices.framework; sourceTree = SDKROOT; };
		2C016CE41AF0018B00EC7275 /* QuartzCore.framework */ = {isa = PBXFileReference; lastKnownFileType = wrapper.framework; name = QuartzCore.framework; path = System/Library/Frameworks/QuartzCore.framework; sourceTree = SDKROOT; };
		2C016CE61AF0019400EC7275 /* Security.framework */ = {isa = PBXFileReference; lastKnownFileType = wrapper.framework; name = Security.framework; path = System/Library/Frameworks/Security.framework; sourceTree = SDKROOT; };
		2C016CEA1AF001AA00EC7275 /* SystemConfiguration.framework */ = {isa = PBXFileReference; lastKnownFileType = wrapper.framework; name = SystemConfiguration.framework; path = System/Library/Frameworks/SystemConfiguration.framework; sourceTree = SDKROOT; };
		2C17D8551AF147D20012009B /* EditFriendsViewController.h */ = {isa = PBXFileReference; fileEncoding = 4; lastKnownFileType = sourcecode.c.h; path = EditFriendsViewController.h; sourceTree = "<group>"; };
		2C1EC4831BA2891F000EEC99 /* Images.xcassets */ = {isa = PBXFileReference; lastKnownFileType = folder.assetcatalog; name = Images.xcassets; path = ChillN/Images.xcassets; sourceTree = "<group>"; };
		2C2D9CDB1B92BA7C000F65D7 /* CoreTelephony.framework */ = {isa = PBXFileReference; lastKnownFileType = wrapper.framework; name = CoreTelephony.framework; path = System/Library/Frameworks/CoreTelephony.framework; sourceTree = SDKROOT; };
		2C3BCA1A1C7E069200F315CC /* Base */ = {isa = PBXFileReference; lastKnownFileType = file.storyboard; name = Base; path = Base.lproj/Main.storyboard; sourceTree = "<group>"; };
		2C452FEE1C80817E005FD779 /* en */ = {isa = PBXFileReference; lastKnownFileType = text.plist.strings; name = en; path = en.lproj/Main.strings; sourceTree = "<group>"; };
		2C452FF01C808183005FD779 /* fr */ = {isa = PBXFileReference; lastKnownFileType = text.plist.strings; name = fr; path = fr.lproj/Main.strings; sourceTree = "<group>"; };
		2C52E1DC1B96BEE000EA6BF9 /* en */ = {isa = PBXFileReference; lastKnownFileType = text.plist.strings; name = en; path = en.lproj/Localizable.strings; sourceTree = "<group>"; };
		2C52E1DE1B96BEE300EA6BF9 /* fr */ = {isa = PBXFileReference; lastKnownFileType = text.plist.strings; name = fr; path = fr.lproj/Localizable.strings; sourceTree = "<group>"; };
		2C5B9A361AC4C49D00B78716 /* AddEventsViewController.h */ = {isa = PBXFileReference; fileEncoding = 4; lastKnownFileType = sourcecode.c.h; path = AddEventsViewController.h; sourceTree = "<group>"; };
		2C5B9A371AC4C49D00B78716 /* AddEventsViewController.m */ = {isa = PBXFileReference; fileEncoding = 4; lastKnownFileType = sourcecode.c.objc; path = AddEventsViewController.m; sourceTree = "<group>"; };
		2C64ED9C1C7DCFB900CE42E1 /* ButtonTableViewCell.h */ = {isa = PBXFileReference; fileEncoding = 4; lastKnownFileType = sourcecode.c.h; path = ButtonTableViewCell.h; sourceTree = "<group>"; };
		2C64ED9D1C7DCFB900CE42E1 /* ButtonTableViewCell.m */ = {isa = PBXFileReference; fileEncoding = 4; lastKnownFileType = sourcecode.c.objc; path = ButtonTableViewCell.m; sourceTree = "<group>"; };
		2C64ED9E1C7DCFB900CE42E1 /* SwitchTableViewCell.h */ = {isa = PBXFileReference; fileEncoding = 4; lastKnownFileType = sourcecode.c.h; path = SwitchTableViewCell.h; sourceTree = "<group>"; };
		2C64ED9F1C7DCFB900CE42E1 /* SwitchTableViewCell.m */ = {isa = PBXFileReference; fileEncoding = 4; lastKnownFileType = sourcecode.c.objc; path = SwitchTableViewCell.m; sourceTree = "<group>"; };
		2C64EDA01C7DCFB900CE42E1 /* LabelButtonTableViewCell.h */ = {isa = PBXFileReference; fileEncoding = 4; lastKnownFileType = sourcecode.c.h; path = LabelButtonTableViewCell.h; sourceTree = "<group>"; };
		2C64EDA11C7DCFB900CE42E1 /* LabelButtonTableViewCell.m */ = {isa = PBXFileReference; fileEncoding = 4; lastKnownFileType = sourcecode.c.objc; path = LabelButtonTableViewCell.m; sourceTree = "<group>"; };
		2C64EDA91C7DD05C00CE42E1 /* Constants.h */ = {isa = PBXFileReference; fileEncoding = 4; lastKnownFileType = sourcecode.c.h; path = Constants.h; sourceTree = "<group>"; };
		2C64EDAA1C7DD05C00CE42E1 /* Constants.m */ = {isa = PBXFileReference; fileEncoding = 4; lastKnownFileType = sourcecode.c.objc; path = Constants.m; sourceTree = "<group>"; };
		2C64EDAB1C7DD05C00CE42E1 /* Screen.h */ = {isa = PBXFileReference; fileEncoding = 4; lastKnownFileType = sourcecode.c.h; path = Screen.h; sourceTree = "<group>"; };
		2C64EDAC1C7DD05C00CE42E1 /* Screen.m */ = {isa = PBXFileReference; fileEncoding = 4; lastKnownFileType = sourcecode.c.objc; path = Screen.m; sourceTree = "<group>"; };
		2C64EDAD1C7DD05C00CE42E1 /* UIColor+CustomColors.h */ = {isa = PBXFileReference; fileEncoding = 4; lastKnownFileType = sourcecode.c.h; path = "UIColor+CustomColors.h"; sourceTree = "<group>"; };
		2C64EDAE1C7DD05C00CE42E1 /* UIColor+CustomColors.m */ = {isa = PBXFileReference; fileEncoding = 4; lastKnownFileType = sourcecode.c.objc; path = "UIColor+CustomColors.m"; sourceTree = "<group>"; };
		2C64EDB11C7DD05C00CE42E1 /* StringFromDateTranslate.h */ = {isa = PBXFileReference; fileEncoding = 4; lastKnownFileType = sourcecode.c.h; path = StringFromDateTranslate.h; sourceTree = "<group>"; };
		2C64EDB21C7DD05C00CE42E1 /* StringFromDateTranslate.m */ = {isa = PBXFileReference; fileEncoding = 4; lastKnownFileType = sourcecode.c.objc; path = StringFromDateTranslate.m; sourceTree = "<group>"; };
		2C71B7B41B9A4D200005D8B9 /* EditFriendsViewController.m */ = {isa = PBXFileReference; fileEncoding = 4; lastKnownFileType = sourcecode.c.objc; path = EditFriendsViewController.m; sourceTree = "<group>"; };
		2C735C911C78B4BA002E617D /* SettingsCell.h */ = {isa = PBXFileReference; fileEncoding = 4; lastKnownFileType = sourcecode.c.h; path = SettingsCell.h; sourceTree = "<group>"; };
		2C735C921C78B4BA002E617D /* SettingsCell.m */ = {isa = PBXFileReference; fileEncoding = 4; lastKnownFileType = sourcecode.c.objc; path = SettingsCell.m; sourceTree = "<group>"; };
		2C829F1E1B22ECA8004FC147 /* EventDetailViewController.h */ = {isa = PBXFileReference; fileEncoding = 4; lastKnownFileType = sourcecode.c.h; path = EventDetailViewController.h; sourceTree = "<group>"; };
		2C829F1F1B22ECA8004FC147 /* EventDetailViewController.m */ = {isa = PBXFileReference; fileEncoding = 4; lastKnownFileType = sourcecode.c.objc; path = EventDetailViewController.m; sourceTree = "<group>"; };
		2C829F241B22EF23004FC147 /* EventDetailCell.h */ = {isa = PBXFileReference; fileEncoding = 4; lastKnownFileType = sourcecode.c.h; name = EventDetailCell.h; path = ../EventDetailCell.h; sourceTree = "<group>"; };
		2C829F251B22EF23004FC147 /* EventDetailCell.m */ = {isa = PBXFileReference; fileEncoding = 4; lastKnownFileType = sourcecode.c.objc; name = EventDetailCell.m; path = ../EventDetailCell.m; sourceTree = "<group>"; };
		2CA207F61AF015B60054D97A /* SignupViewController.h */ = {isa = PBXFileReference; fileEncoding = 4; lastKnownFileType = sourcecode.c.h; path = SignupViewController.h; sourceTree = "<group>"; };
		2CA207F71AF015B60054D97A /* SignupViewController.m */ = {isa = PBXFileReference; fileEncoding = 4; lastKnownFileType = sourcecode.c.objc; path = SignupViewController.m; sourceTree = "<group>"; };
		2CA207F91AF01B520054D97A /* SettingsViewController.h */ = {isa = PBXFileReference; fileEncoding = 4; lastKnownFileType = sourcecode.c.h; path = SettingsViewController.h; sourceTree = "<group>"; };
		2CA207FA1AF01B520054D97A /* SettingsViewController.m */ = {isa = PBXFileReference; fileEncoding = 4; lastKnownFileType = sourcecode.c.objc; path = SettingsViewController.m; sourceTree = "<group>"; };
		2CA740B41AC4B79B00392C7C /* ChillN.app */ = {isa = PBXFileReference; explicitFileType = wrapper.application; includeInIndex = 0; path = ChillN.app; sourceTree = BUILT_PRODUCTS_DIR; };
		2CA740B81AC4B79B00392C7C /* Info.plist */ = {isa = PBXFileReference; lastKnownFileType = text.plist.xml; path = Info.plist; sourceTree = "<group>"; };
		2CA740B91AC4B79B00392C7C /* main.m */ = {isa = PBXFileReference; lastKnownFileType = sourcecode.c.objc; path = main.m; sourceTree = "<group>"; };
		2CA740BB1AC4B79B00392C7C /* AppDelegate.h */ = {isa = PBXFileReference; lastKnownFileType = sourcecode.c.h; path = AppDelegate.h; sourceTree = "<group>"; };
		2CA740BC1AC4B79B00392C7C /* AppDelegate.m */ = {isa = PBXFileReference; lastKnownFileType = sourcecode.c.objc; path = AppDelegate.m; sourceTree = "<group>"; };
		2CA740BE1AC4B79B00392C7C /* HomeViewController.h */ = {isa = PBXFileReference; lastKnownFileType = sourcecode.c.h; path = HomeViewController.h; sourceTree = "<group>"; };
		2CA740BF1AC4B79B00392C7C /* HomeViewController.m */ = {isa = PBXFileReference; lastKnownFileType = sourcecode.c.objc; path = HomeViewController.m; sourceTree = "<group>"; };
		2CA740C71AC4B79B00392C7C /* Base */ = {isa = PBXFileReference; lastKnownFileType = file.xib; name = Base; path = Base.lproj/LaunchScreen.xib; sourceTree = "<group>"; };
		2CA740CD1AC4B79B00392C7C /* ChillNTests.xctest */ = {isa = PBXFileReference; explicitFileType = wrapper.cfbundle; includeInIndex = 0; path = ChillNTests.xctest; sourceTree = BUILT_PRODUCTS_DIR; };
		2CA740D21AC4B79B00392C7C /* Info.plist */ = {isa = PBXFileReference; lastKnownFileType = text.plist.xml; path = Info.plist; sourceTree = "<group>"; };
		2CA740D31AC4B79C00392C7C /* ChillNTests.m */ = {isa = PBXFileReference; lastKnownFileType = sourcecode.c.objc; path = ChillNTests.m; sourceTree = "<group>"; };
		2CA740DD1AC4B7F000392C7C /* CoreGraphics.framework */ = {isa = PBXFileReference; lastKnownFileType = wrapper.framework; name = CoreGraphics.framework; path = System/Library/Frameworks/CoreGraphics.framework; sourceTree = SDKROOT; };
		2CA740DF1AC4B7FA00392C7C /* UIKit.framework */ = {isa = PBXFileReference; lastKnownFileType = wrapper.framework; name = UIKit.framework; path = System/Library/Frameworks/UIKit.framework; sourceTree = SDKROOT; };
		2CA740E11AC4B80300392C7C /* Foundation.framework */ = {isa = PBXFileReference; lastKnownFileType = wrapper.framework; name = Foundation.framework; path = System/Library/Frameworks/Foundation.framework; sourceTree = SDKROOT; };
		2CA740E71AC4B85900392C7C /* HomeCell.h */ = {isa = PBXFileReference; fileEncoding = 4; lastKnownFileType = sourcecode.c.h; path = HomeCell.h; sourceTree = "<group>"; };
		2CA740E81AC4B85900392C7C /* HomeCell.m */ = {isa = PBXFileReference; fileEncoding = 4; lastKnownFileType = sourcecode.c.objc; path = HomeCell.m; sourceTree = "<group>"; };
		2CC8CD431C7FE92A004EE169 /* ChillN-Bridging-Header.h */ = {isa = PBXFileReference; lastKnownFileType = sourcecode.c.h; path = "ChillN-Bridging-Header.h"; sourceTree = "<group>"; };
		2CC8CD441C7FEAFC004EE169 /* SevenSwitch.swift */ = {isa = PBXFileReference; fileEncoding = 4; lastKnownFileType = sourcecode.swift; path = SevenSwitch.swift; sourceTree = "<group>"; };
		2CC8CD471C7FEBC0004EE169 /* ChillN-Bridging-Header.h */ = {isa = PBXFileReference; lastKnownFileType = sourcecode.c.h; path = "ChillN-Bridging-Header.h"; sourceTree = "<group>"; };
		2CDC78D61B6A86BE00C69A12 /* Person.h */ = {isa = PBXFileReference; fileEncoding = 4; lastKnownFileType = sourcecode.c.h; path = Person.h; sourceTree = "<group>"; };
		2CDC78D71B6A86BE00C69A12 /* Person.m */ = {isa = PBXFileReference; fileEncoding = 4; lastKnownFileType = sourcecode.c.objc; path = Person.m; sourceTree = "<group>"; };
		39466E8FDD87AF1B59DC621E /* Pods-ChillN.release.xcconfig */ = {isa = PBXFileReference; includeInIndex = 1; lastKnownFileType = text.xcconfig; name = "Pods-ChillN.release.xcconfig"; path = "Pods/Target Support Files/Pods-ChillN/Pods-ChillN.release.xcconfig"; sourceTree = "<group>"; };
		4DFE030E839A4665E835DCA5 /* Pods-ChillN.debug.xcconfig */ = {isa = PBXFileReference; includeInIndex = 1; lastKnownFileType = text.xcconfig; name = "Pods-ChillN.debug.xcconfig"; path = "Pods/Target Support Files/Pods-ChillN/Pods-ChillN.debug.xcconfig"; sourceTree = "<group>"; };
		98461C4CF5BD456DFC9C7CEC /* Pods_ChillN.framework */ = {isa = PBXFileReference; explicitFileType = wrapper.framework; includeInIndex = 0; path = Pods_ChillN.framework; sourceTree = BUILT_PRODUCTS_DIR; };
/* End PBXFileReference section */

/* Begin PBXFrameworksBuildPhase section */
		2CA740B11AC4B79B00392C7C /* Frameworks */ = {
			isa = PBXFrameworksBuildPhase;
			buildActionMask = 2147483647;
			files = (
				2C2D9CDC1B92BA7C000F65D7 /* CoreTelephony.framework in Frameworks */,
				2C016CEB1AF001AA00EC7275 /* SystemConfiguration.framework in Frameworks */,
				2C016CE71AF0019400EC7275 /* Security.framework in Frameworks */,
				2C016CE51AF0018B00EC7275 /* QuartzCore.framework in Frameworks */,
				2C016CE31AF0018200EC7275 /* MobileCoreServices.framework in Frameworks */,
				2C016CE11AF0017A00EC7275 /* CoreLocation.framework in Frameworks */,
				2C016CDF1AF0016E00EC7275 /* CFNetwork.framework in Frameworks */,
				2C016CDD1AF0016800EC7275 /* AudioToolbox.framework in Frameworks */,
				2CA740E61AC4B82800392C7C /* CoreGraphics.framework in Frameworks */,
				2CA740E51AC4B82300392C7C /* UIKit.framework in Frameworks */,
				2CA740E41AC4B81E00392C7C /* Foundation.framework in Frameworks */,
				33EA8CDB7B6045A39DD77FD7 /* Pods_ChillN.framework in Frameworks */,
			);
			runOnlyForDeploymentPostprocessing = 0;
		};
		2CA740CA1AC4B79B00392C7C /* Frameworks */ = {
			isa = PBXFrameworksBuildPhase;
			buildActionMask = 2147483647;
			files = (
			);
			runOnlyForDeploymentPostprocessing = 0;
		};
/* End PBXFrameworksBuildPhase section */

/* Begin PBXGroup section */
		2C02F7A91C08D5A600AC7CB9 /* Home */ = {
			isa = PBXGroup;
			children = (
				2CA740BE1AC4B79B00392C7C /* HomeViewController.h */,
				2CA740BF1AC4B79B00392C7C /* HomeViewController.m */,
				2CA740E71AC4B85900392C7C /* HomeCell.h */,
				2CA740E81AC4B85900392C7C /* HomeCell.m */,
			);
			name = Home;
			sourceTree = "<group>";
		};
		2C02F7AA1C08D5CF00AC7CB9 /* Event */ = {
			isa = PBXGroup;
			children = (
				2C02F7AC1C08D60B00AC7CB9 /* Add Event */,
				2C02F7AB1C08D5E900AC7CB9 /* Event Detail */,
			);
			name = Event;
			sourceTree = "<group>";
		};
		2C02F7AB1C08D5E900AC7CB9 /* Event Detail */ = {
			isa = PBXGroup;
			children = (
				2C829F1E1B22ECA8004FC147 /* EventDetailViewController.h */,
				2C829F1F1B22ECA8004FC147 /* EventDetailViewController.m */,
				2C829F241B22EF23004FC147 /* EventDetailCell.h */,
				2C829F251B22EF23004FC147 /* EventDetailCell.m */,
			);
			name = "Event Detail";
			sourceTree = "<group>";
		};
		2C02F7AC1C08D60B00AC7CB9 /* Add Event */ = {
			isa = PBXGroup;
			children = (
				2C5B9A361AC4C49D00B78716 /* AddEventsViewController.h */,
				2C5B9A371AC4C49D00B78716 /* AddEventsViewController.m */,
			);
			name = "Add Event";
			sourceTree = "<group>";
		};
		2C02F7AD1C08D61B00AC7CB9 /* Login */ = {
			isa = PBXGroup;
			children = (
				2C016CD31AF0003C00EC7275 /* LoginViewController.h */,
				2C016CD41AF0003C00EC7275 /* LoginViewController.m */,
			);
			name = Login;
			sourceTree = "<group>";
		};
		2C02F7AE1C08D62F00AC7CB9 /* Signup */ = {
			isa = PBXGroup;
			children = (
				2CA207F61AF015B60054D97A /* SignupViewController.h */,
				2CA207F71AF015B60054D97A /* SignupViewController.m */,
			);
			name = Signup;
			sourceTree = "<group>";
		};
		2C02F7AF1C08D64900AC7CB9 /* Settings */ = {
			isa = PBXGroup;
			children = (
				2C64ED9C1C7DCFB900CE42E1 /* ButtonTableViewCell.h */,
				2C64ED9D1C7DCFB900CE42E1 /* ButtonTableViewCell.m */,
				2C64EDA01C7DCFB900CE42E1 /* LabelButtonTableViewCell.h */,
				2C64EDA11C7DCFB900CE42E1 /* LabelButtonTableViewCell.m */,
				2C735C911C78B4BA002E617D /* SettingsCell.h */,
				2C735C921C78B4BA002E617D /* SettingsCell.m */,
				2CA207F91AF01B520054D97A /* SettingsViewController.h */,
				2CA207FA1AF01B520054D97A /* SettingsViewController.m */,
				2C64ED9E1C7DCFB900CE42E1 /* SwitchTableViewCell.h */,
				2C64ED9F1C7DCFB900CE42E1 /* SwitchTableViewCell.m */,
			);
			name = Settings;
			sourceTree = "<group>";
		};
		2C02F7B01C08D67300AC7CB9 /* Edit Friends */ = {
			isa = PBXGroup;
			children = (
				2C17D8551AF147D20012009B /* EditFriendsViewController.h */,
				2C71B7B41B9A4D200005D8B9 /* EditFriendsViewController.m */,
			);
			name = "Edit Friends";
			sourceTree = "<group>";
		};
		2C100CEE1B98DD6300AE2F7A /* Ressources */ = {
			isa = PBXGroup;
			children = (
				2C1EC4831BA2891F000EEC99 /* Images.xcassets */,
				2C52E1DD1B96BEE000EA6BF9 /* Localizable.strings */,
			);
			name = Ressources;
			sourceTree = "<group>";
		};
		2C64EDA81C7DD03700CE42E1 /* Common */ = {
			isa = PBXGroup;
			children = (
				2C64EDA91C7DD05C00CE42E1 /* Constants.h */,
				2C64EDAA1C7DD05C00CE42E1 /* Constants.m */,
				2CDC78D61B6A86BE00C69A12 /* Person.h */,
				2CDC78D71B6A86BE00C69A12 /* Person.m */,
				2C64EDAB1C7DD05C00CE42E1 /* Screen.h */,
				2C64EDAC1C7DD05C00CE42E1 /* Screen.m */,
				2C64EDB11C7DD05C00CE42E1 /* StringFromDateTranslate.h */,
				2C64EDB21C7DD05C00CE42E1 /* StringFromDateTranslate.m */,
				2C64EDAD1C7DD05C00CE42E1 /* UIColor+CustomColors.h */,
				2C64EDAE1C7DD05C00CE42E1 /* UIColor+CustomColors.m */,
			);
			name = Common;
			sourceTree = "<group>";
		};
		2CA740AB1AC4B79B00392C7C = {
			isa = PBXGroup;
			children = (
				2CA740B61AC4B79B00392C7C /* ChillN */,
				2C100CEE1B98DD6300AE2F7A /* Ressources */,
				2CA740E31AC4B80500392C7C /* Frameworks */,
				2CA740D01AC4B79B00392C7C /* ChillNTests */,
				2CA740B51AC4B79B00392C7C /* Products */,
				6A2E24C443AAF813D92C999C /* Pods */,
			);
			sourceTree = "<group>";
		};
		2CA740B51AC4B79B00392C7C /* Products */ = {
			isa = PBXGroup;
			children = (
				2CA740B41AC4B79B00392C7C /* ChillN.app */,
				2CA740CD1AC4B79B00392C7C /* ChillNTests.xctest */,
			);
			name = Products;
			sourceTree = "<group>";
		};
		2CA740B61AC4B79B00392C7C /* ChillN */ = {
			isa = PBXGroup;
			children = (
				2C64EDBA1C7DD42800CE42E1 /* Main.storyboard */,
				2CA740C61AC4B79B00392C7C /* LaunchScreen.xib */,
				2CA740BB1AC4B79B00392C7C /* AppDelegate.h */,
				2CA740BC1AC4B79B00392C7C /* AppDelegate.m */,
				2C64EDA81C7DD03700CE42E1 /* Common */,
				2C02F7B01C08D67300AC7CB9 /* Edit Friends */,
				2C02F7AA1C08D5CF00AC7CB9 /* Event */,
				2C02F7A91C08D5A600AC7CB9 /* Home */,
				2C02F7AD1C08D61B00AC7CB9 /* Login */,
				2C02F7AF1C08D64900AC7CB9 /* Settings */,
				2C02F7AE1C08D62F00AC7CB9 /* Signup */,
				2CA740B71AC4B79B00392C7C /* Supporting Files */,
			);
			path = ChillN;
			sourceTree = "<group>";
		};
		2CA740B71AC4B79B00392C7C /* Supporting Files */ = {
			isa = PBXGroup;
			children = (
				2CC8CD431C7FE92A004EE169 /* ChillN-Bridging-Header.h */,
				2CC8CD471C7FEBC0004EE169 /* ChillN-Bridging-Header.h */,
				2CA740B81AC4B79B00392C7C /* Info.plist */,
				2CA740B91AC4B79B00392C7C /* main.m */,
				2CC8CD441C7FEAFC004EE169 /* SevenSwitch.swift */,
			);
			name = "Supporting Files";
			sourceTree = "<group>";
		};
		2CA740D01AC4B79B00392C7C /* ChillNTests */ = {
			isa = PBXGroup;
			children = (
				2CA740D31AC4B79C00392C7C /* ChillNTests.m */,
				2CA740D11AC4B79B00392C7C /* Supporting Files */,
			);
			path = ChillNTests;
			sourceTree = "<group>";
		};
		2CA740D11AC4B79B00392C7C /* Supporting Files */ = {
			isa = PBXGroup;
			children = (
				2CA740D21AC4B79B00392C7C /* Info.plist */,
			);
			name = "Supporting Files";
			sourceTree = "<group>";
		};
		2CA740E31AC4B80500392C7C /* Frameworks */ = {
			isa = PBXGroup;
			children = (
				2C2D9CDB1B92BA7C000F65D7 /* CoreTelephony.framework */,
				2C016CEA1AF001AA00EC7275 /* SystemConfiguration.framework */,
				2C016CE61AF0019400EC7275 /* Security.framework */,
				2C016CE41AF0018B00EC7275 /* QuartzCore.framework */,
				2C016CE21AF0018200EC7275 /* MobileCoreServices.framework */,
				2C016CE01AF0017A00EC7275 /* CoreLocation.framework */,
				2C016CDE1AF0016E00EC7275 /* CFNetwork.framework */,
				2C016CDC1AF0016800EC7275 /* AudioToolbox.framework */,
				2CA740E11AC4B80300392C7C /* Foundation.framework */,
				2CA740DF1AC4B7FA00392C7C /* UIKit.framework */,
				2CA740DD1AC4B7F000392C7C /* CoreGraphics.framework */,
				98461C4CF5BD456DFC9C7CEC /* Pods_ChillN.framework */,
			);
			name = Frameworks;
			sourceTree = "<group>";
		};
		6A2E24C443AAF813D92C999C /* Pods */ = {
			isa = PBXGroup;
			children = (
				4DFE030E839A4665E835DCA5 /* Pods-ChillN.debug.xcconfig */,
				39466E8FDD87AF1B59DC621E /* Pods-ChillN.release.xcconfig */,
			);
			name = Pods;
			sourceTree = "<group>";
		};
/* End PBXGroup section */

/* Begin PBXNativeTarget section */
		2CA740B31AC4B79B00392C7C /* ChillN */ = {
			isa = PBXNativeTarget;
			buildConfigurationList = 2CA740D71AC4B79C00392C7C /* Build configuration list for PBXNativeTarget "ChillN" */;
			buildPhases = (
				18F13A9B1F04A59E909B0A87 /* Check Pods Manifest.lock */,
				2CA740B01AC4B79B00392C7C /* Sources */,
				2CA740B11AC4B79B00392C7C /* Frameworks */,
				2CA740B21AC4B79B00392C7C /* Resources */,
				E830D1E3C35DE66D505A750C /* Embed Pods Frameworks */,
				57A5FBD535757273F14FD132 /* Copy Pods Resources */,
			);
			buildRules = (
			);
			dependencies = (
			);
			name = ChillN;
			productName = ChillN;
			productReference = 2CA740B41AC4B79B00392C7C /* ChillN.app */;
			productType = "com.apple.product-type.application";
		};
		2CA740CC1AC4B79B00392C7C /* ChillNTests */ = {
			isa = PBXNativeTarget;
			buildConfigurationList = 2CA740DA1AC4B79C00392C7C /* Build configuration list for PBXNativeTarget "ChillNTests" */;
			buildPhases = (
				2CA740C91AC4B79B00392C7C /* Sources */,
				2CA740CA1AC4B79B00392C7C /* Frameworks */,
				2CA740CB1AC4B79B00392C7C /* Resources */,
			);
			buildRules = (
			);
			dependencies = (
				2CA740CF1AC4B79B00392C7C /* PBXTargetDependency */,
			);
			name = ChillNTests;
			productName = ChillNTests;
			productReference = 2CA740CD1AC4B79B00392C7C /* ChillNTests.xctest */;
			productType = "com.apple.product-type.bundle.unit-test";
		};
/* End PBXNativeTarget section */

/* Begin PBXProject section */
		2CA740AC1AC4B79B00392C7C /* Project object */ = {
			isa = PBXProject;
			attributes = {
				LastSwiftMigration = 0700;
				LastSwiftUpdateCheck = 0720;
				LastUpgradeCheck = 0700;
				ORGANIZATIONNAME = ChillCompany;
				TargetAttributes = {
					2CA740B31AC4B79B00392C7C = {
						CreatedOnToolsVersion = 6.2;
						DevelopmentTeam = 2NB67X8DYS;
						SystemCapabilities = {
							com.apple.InAppPurchase = {
								enabled = 0;
							};
						};
					};
					2CA740CC1AC4B79B00392C7C = {
						CreatedOnToolsVersion = 6.2;
						TestTargetID = 2CA740B31AC4B79B00392C7C;
					};
				};
			};
			buildConfigurationList = 2CA740AF1AC4B79B00392C7C /* Build configuration list for PBXProject "ChillN" */;
			compatibilityVersion = "Xcode 3.2";
			developmentRegion = English;
			hasScannedForEncodings = 0;
			knownRegions = (
				en,
				Base,
				fr,
			);
			mainGroup = 2CA740AB1AC4B79B00392C7C;
			productRefGroup = 2CA740B51AC4B79B00392C7C /* Products */;
			projectDirPath = "";
			projectRoot = "";
			targets = (
				2CA740B31AC4B79B00392C7C /* ChillN */,
				2CA740CC1AC4B79B00392C7C /* ChillNTests */,
			);
		};
/* End PBXProject section */

/* Begin PBXResourcesBuildPhase section */
		2CA740B21AC4B79B00392C7C /* Resources */ = {
			isa = PBXResourcesBuildPhase;
			buildActionMask = 2147483647;
			files = (
				2CA740C81AC4B79B00392C7C /* LaunchScreen.xib in Resources */,
				2C64EDB81C7DD42800CE42E1 /* Main.storyboard in Resources */,
				2C52E1DB1B96BEE000EA6BF9 /* Localizable.strings in Resources */,
				2C1EC4841BA2891F000EEC99 /* Images.xcassets in Resources */,
			);
			runOnlyForDeploymentPostprocessing = 0;
		};
		2CA740CB1AC4B79B00392C7C /* Resources */ = {
			isa = PBXResourcesBuildPhase;
			buildActionMask = 2147483647;
			files = (
			);
			runOnlyForDeploymentPostprocessing = 0;
		};
/* End PBXResourcesBuildPhase section */

/* Begin PBXShellScriptBuildPhase section */
		18F13A9B1F04A59E909B0A87 /* Check Pods Manifest.lock */ = {
			isa = PBXShellScriptBuildPhase;
			buildActionMask = 2147483647;
			files = (
			);
			inputPaths = (
			);
			name = "Check Pods Manifest.lock";
			outputPaths = (
			);
			runOnlyForDeploymentPostprocessing = 0;
			shellPath = /bin/sh;
			shellScript = "diff \"${PODS_ROOT}/../Podfile.lock\" \"${PODS_ROOT}/Manifest.lock\" > /dev/null\nif [[ $? != 0 ]] ; then\n    cat << EOM\nerror: The sandbox is not in sync with the Podfile.lock. Run 'pod install' or update your CocoaPods installation.\nEOM\n    exit 1\nfi\n";
			showEnvVarsInLog = 0;
		};
		57A5FBD535757273F14FD132 /* Copy Pods Resources */ = {
			isa = PBXShellScriptBuildPhase;
			buildActionMask = 2147483647;
			files = (
			);
			inputPaths = (
			);
			name = "Copy Pods Resources";
			outputPaths = (
			);
			runOnlyForDeploymentPostprocessing = 0;
			shellPath = /bin/sh;
			shellScript = "\"${SRCROOT}/Pods/Target Support Files/Pods-ChillN/Pods-ChillN-resources.sh\"\n";
			showEnvVarsInLog = 0;
		};
		E830D1E3C35DE66D505A750C /* Embed Pods Frameworks */ = {
			isa = PBXShellScriptBuildPhase;
			buildActionMask = 2147483647;
			files = (
			);
			inputPaths = (
			);
			name = "Embed Pods Frameworks";
			outputPaths = (
			);
			runOnlyForDeploymentPostprocessing = 0;
			shellPath = /bin/sh;
			shellScript = "\"${SRCROOT}/Pods/Target Support Files/Pods-ChillN/Pods-ChillN-frameworks.sh\"\n";
			showEnvVarsInLog = 0;
		};
/* End PBXShellScriptBuildPhase section */

/* Begin PBXSourcesBuildPhase section */
		2CA740B01AC4B79B00392C7C /* Sources */ = {
			isa = PBXSourcesBuildPhase;
			buildActionMask = 2147483647;
			files = (
				2C735C931C78B4BA002E617D /* SettingsCell.m in Sources */,
				2C016CD51AF0003C00EC7275 /* LoginViewController.m in Sources */,
				2CA740E91AC4B85900392C7C /* HomeCell.m in Sources */,
				2C64EDA51C7DCFB900CE42E1 /* SwitchTableViewCell.m in Sources */,
				2CA740C01AC4B79B00392C7C /* HomeViewController.m in Sources */,
				2CA207F81AF015B60054D97A /* SignupViewController.m in Sources */,
				2CA207FB1AF01B520054D97A /* SettingsViewController.m in Sources */,
				2CA740BD1AC4B79B00392C7C /* AppDelegate.m in Sources */,
				2C64EDB31C7DD05C00CE42E1 /* Constants.m in Sources */,
				2C64EDB51C7DD05C00CE42E1 /* UIColor+CustomColors.m in Sources */,
				2C64EDA41C7DCFB900CE42E1 /* ButtonTableViewCell.m in Sources */,
				2C71B7B51B9A4D200005D8B9 /* EditFriendsViewController.m in Sources */,
				2C5B9A3A1AC4C49D00B78716 /* AddEventsViewController.m in Sources */,
				2CDC78D81B6A86BE00C69A12 /* Person.m in Sources */,
				2C64EDA61C7DCFB900CE42E1 /* LabelButtonTableViewCell.m in Sources */,
				2CC8CD451C7FEAFC004EE169 /* SevenSwitch.swift in Sources */,
				2CA740BA1AC4B79B00392C7C /* main.m in Sources */,
				2C829F201B22ECA8004FC147 /* EventDetailViewController.m in Sources */,
				2C829F261B22EF23004FC147 /* EventDetailCell.m in Sources */,
				2C64EDB71C7DD05C00CE42E1 /* StringFromDateTranslate.m in Sources */,
				2C64EDB41C7DD05C00CE42E1 /* Screen.m in Sources */,
			);
			runOnlyForDeploymentPostprocessing = 0;
		};
		2CA740C91AC4B79B00392C7C /* Sources */ = {
			isa = PBXSourcesBuildPhase;
			buildActionMask = 2147483647;
			files = (
				2CA740D41AC4B79C00392C7C /* ChillNTests.m in Sources */,
			);
			runOnlyForDeploymentPostprocessing = 0;
		};
/* End PBXSourcesBuildPhase section */

/* Begin PBXTargetDependency section */
		2CA740CF1AC4B79B00392C7C /* PBXTargetDependency */ = {
			isa = PBXTargetDependency;
			target = 2CA740B31AC4B79B00392C7C /* ChillN */;
			targetProxy = 2CA740CE1AC4B79B00392C7C /* PBXContainerItemProxy */;
		};
/* End PBXTargetDependency section */

/* Begin PBXVariantGroup section */
		2C52E1DD1B96BEE000EA6BF9 /* Localizable.strings */ = {
			isa = PBXVariantGroup;
			children = (
				2C52E1DC1B96BEE000EA6BF9 /* en */,
				2C52E1DE1B96BEE300EA6BF9 /* fr */,
			);
			name = Localizable.strings;
			path = ChillN;
			sourceTree = "<group>";
		};
		2C64EDBA1C7DD42800CE42E1 /* Main.storyboard */ = {
			isa = PBXVariantGroup;
			children = (
				2C3BCA1A1C7E069200F315CC /* Base */,
				2C452FEE1C80817E005FD779 /* en */,
				2C452FF01C808183005FD779 /* fr */,
			);
			name = Main.storyboard;
			sourceTree = "<group>";
		};
		2CA740C61AC4B79B00392C7C /* LaunchScreen.xib */ = {
			isa = PBXVariantGroup;
			children = (
				2CA740C71AC4B79B00392C7C /* Base */,
			);
			name = LaunchScreen.xib;
			sourceTree = "<group>";
		};
/* End PBXVariantGroup section */

/* Begin XCBuildConfiguration section */
		2CA740D51AC4B79C00392C7C /* Debug */ = {
			isa = XCBuildConfiguration;
			buildSettings = {
				CLANG_ENABLE_OBJC_ARC = YES;
				DEFINES_MODULE = YES;
				HEADER_SEARCH_PATHS = "$(inherited)";
				IPHONEOS_DEPLOYMENT_TARGET = 8.0;
				ONLY_ACTIVE_ARCH = YES;
				PRODUCT_MODULE_NAME = ChillN;
				SDKROOT = iphoneos9.2;
				USER_HEADER_SEARCH_PATHS = "Pods/SevenSwitch/**";
			};
			name = Debug;
		};
		2CA740D61AC4B79C00392C7C /* Release */ = {
			isa = XCBuildConfiguration;
			buildSettings = {
				CLANG_ENABLE_OBJC_ARC = YES;
				DEFINES_MODULE = YES;
				HEADER_SEARCH_PATHS = "$(inherited)";
				IPHONEOS_DEPLOYMENT_TARGET = 8.0;
				ONLY_ACTIVE_ARCH = NO;
				PRODUCT_MODULE_NAME = ChillN;
				SDKROOT = iphoneos9.2;
				USER_HEADER_SEARCH_PATHS = "Pods/SevenSwitch/**";
			};
			name = Release;
		};
		2CA740D81AC4B79C00392C7C /* Debug */ = {
			isa = XCBuildConfiguration;
			baseConfigurationReference = 4DFE030E839A4665E835DCA5 /* Pods-ChillN.debug.xcconfig */;
			buildSettings = {
				ASSETCATALOG_COMPILER_APPICON_NAME = AppIcon;
				CLANG_ENABLE_MODULES = YES;
				CODE_SIGN_IDENTITY = "iPhone Developer";
				DEFINES_MODULE = NO;
				EMBEDDED_CONTENT_CONTAINS_SWIFT = "$(inherited)";
				ENABLE_BITCODE = NO;
				FRAMEWORK_SEARCH_PATHS = (
					"$(PROJECT_DIR)/ChillN",
					"$(PROJECT_DIR)/build/Debug-iphoneos",
				);
				HEADER_SEARCH_PATHS = "$(inherited)";
				INFOPLIST_FILE = ChillN/Info.plist;
				IPHONEOS_DEPLOYMENT_TARGET = 8.0;
				LD_RUNPATH_SEARCH_PATHS = "$(inherited) @executable_path/Frameworks";
				PRODUCT_BUNDLE_IDENTIFIER = "ChillCompany.$(PRODUCT_NAME:rfc1034identifier)";
				PRODUCT_NAME = "$(TARGET_NAME)";
				SUPPORTED_PLATFORMS = "iphonesimulator iphoneos";
				SWIFT_OBJC_BRIDGING_HEADER = "$(SRCROOT)/$(PROJECT_NAME)/$(PROJECT_NAME)-Bridging-Header.h";
				SWIFT_OPTIMIZATION_LEVEL = "-Onone";
				USER_HEADER_SEARCH_PATHS = Pods/SevenSwitch;
			};
			name = Debug;
		};
		2CA740D91AC4B79C00392C7C /* Release */ = {
			isa = XCBuildConfiguration;
			baseConfigurationReference = 39466E8FDD87AF1B59DC621E /* Pods-ChillN.release.xcconfig */;
			buildSettings = {
				ASSETCATALOG_COMPILER_APPICON_NAME = AppIcon;
				CLANG_ENABLE_MODULES = YES;
				CODE_SIGN_IDENTITY = "iPhone Developer";
				DEFINES_MODULE = NO;
				EMBEDDED_CONTENT_CONTAINS_SWIFT = "$(inherited)";
				ENABLE_BITCODE = YES;
				FRAMEWORK_SEARCH_PATHS = (
					"$(PROJECT_DIR)/ChillN",
					"$(PROJECT_DIR)/build/Debug-iphoneos",
				);
				HEADER_SEARCH_PATHS = "$(inherited)";
				INFOPLIST_FILE = ChillN/Info.plist;
				IPHONEOS_DEPLOYMENT_TARGET = 8.0;
				LD_RUNPATH_SEARCH_PATHS = "$(inherited) @executable_path/Frameworks";
				PRODUCT_BUNDLE_IDENTIFIER = "ChillCompany.$(PRODUCT_NAME:rfc1034identifier)";
				PRODUCT_NAME = "$(TARGET_NAME)";
				SUPPORTED_PLATFORMS = "iphonesimulator iphoneos";
				SWIFT_OBJC_BRIDGING_HEADER = "$(SRCROOT)/$(PROJECT_NAME)/$(PROJECT_NAME)-Bridging-Header.h";
				USER_HEADER_SEARCH_PATHS = Pods/SevenSwitch;
			};
			name = Release;
		};
		2CA740DB1AC4B79C00392C7C /* Debug */ = {
			isa = XCBuildConfiguration;
			buildSettings = {
				BUNDLE_LOADER = "$(TEST_HOST)";
				FRAMEWORK_SEARCH_PATHS = "$(inherited)";
				GCC_PREPROCESSOR_DEFINITIONS = (
					"DEBUG=1",
					"$(inherited)",
				);
				INFOPLIST_FILE = ChillNTests/Info.plist;
				IPHONEOS_DEPLOYMENT_TARGET = 8.0;
				LD_RUNPATH_SEARCH_PATHS = "$(inherited) @executable_path/Frameworks @loader_path/Frameworks";
				PRODUCT_BUNDLE_IDENTIFIER = "ChillCompany.$(PRODUCT_NAME:rfc1034identifier)";
				PRODUCT_NAME = "$(TARGET_NAME)";
				TEST_HOST = "$(BUILT_PRODUCTS_DIR)/ChillN.app/ChillN";
			};
			name = Debug;
		};
		2CA740DC1AC4B79C00392C7C /* Release */ = {
			isa = XCBuildConfiguration;
			buildSettings = {
				BUNDLE_LOADER = "$(TEST_HOST)";
				FRAMEWORK_SEARCH_PATHS = "$(inherited)";
				INFOPLIST_FILE = ChillNTests/Info.plist;
				IPHONEOS_DEPLOYMENT_TARGET = 8.0;
				LD_RUNPATH_SEARCH_PATHS = "$(inherited) @executable_path/Frameworks @loader_path/Frameworks";
				PRODUCT_BUNDLE_IDENTIFIER = "ChillCompany.$(PRODUCT_NAME:rfc1034identifier)";
				PRODUCT_NAME = "$(TARGET_NAME)";
				TEST_HOST = "$(BUILT_PRODUCTS_DIR)/ChillN.app/ChillN";
			};
			name = Release;
		};
/* End XCBuildConfiguration section */

/* Begin XCConfigurationList section */
		2CA740AF1AC4B79B00392C7C /* Build configuration list for PBXProject "ChillN" */ = {
			isa = XCConfigurationList;
			buildConfigurations = (
				2CA740D51AC4B79C00392C7C /* Debug */,
				2CA740D61AC4B79C00392C7C /* Release */,
			);
			defaultConfigurationIsVisible = 0;
			defaultConfigurationName = Release;
		};
		2CA740D71AC4B79C00392C7C /* Build configuration list for PBXNativeTarget "ChillN" */ = {
			isa = XCConfigurationList;
			buildConfigurations = (
				2CA740D81AC4B79C00392C7C /* Debug */,
				2CA740D91AC4B79C00392C7C /* Release */,
			);
			defaultConfigurationIsVisible = 0;
			defaultConfigurationName = Release;
		};
		2CA740DA1AC4B79C00392C7C /* Build configuration list for PBXNativeTarget "ChillNTests" */ = {
			isa = XCConfigurationList;
			buildConfigurations = (
				2CA740DB1AC4B79C00392C7C /* Debug */,
				2CA740DC1AC4B79C00392C7C /* Release */,
			);
			defaultConfigurationIsVisible = 0;
			defaultConfigurationName = Release;
		};
/* End XCConfigurationList section */
	};
	rootObject = 2CA740AC1AC4B79B00392C7C /* Project object */;
}
